// !$*UTF8*$!
{
	archiveVersion = 1;
	classes = {
	};
	objectVersion = 50;
	objects = {

/* Begin PBXBuildFile section */
		DBA7A128240D681F0018D24B /* AppDelegate.swift in Sources */ = {isa = PBXBuildFile; fileRef = DBA7A127240D681F0018D24B /* AppDelegate.swift */; };
		DBA7A12A240D681F0018D24B /* SceneDelegate.swift in Sources */ = {isa = PBXBuildFile; fileRef = DBA7A129240D681F0018D24B /* SceneDelegate.swift */; };
		DBA7A12F240D681F0018D24B /* Main.storyboard in Resources */ = {isa = PBXBuildFile; fileRef = DBA7A12D240D681F0018D24B /* Main.storyboard */; };
		DBA7A131240D68280018D24B /* Assets.xcassets in Resources */ = {isa = PBXBuildFile; fileRef = DBA7A130240D68280018D24B /* Assets.xcassets */; };
		DBA7A134240D68280018D24B /* LaunchScreen.storyboard in Resources */ = {isa = PBXBuildFile; fileRef = DBA7A132240D68280018D24B /* LaunchScreen.storyboard */; };
		DBA7A13F240D68290018D24B /* ColorsTests.swift in Sources */ = {isa = PBXBuildFile; fileRef = DBA7A13E240D68290018D24B /* ColorsTests.swift */; };
		DBA7A14A240D682A0018D24B /* ColorsUITests.swift in Sources */ = {isa = PBXBuildFile; fileRef = DBA7A149240D682A0018D24B /* ColorsUITests.swift */; };
		DBA7A158240D69760018D24B /* ColorsViewController.swift in Sources */ = {isa = PBXBuildFile; fileRef = DBA7A157240D69760018D24B /* ColorsViewController.swift */; };
/* End PBXBuildFile section */

/* Begin PBXContainerItemProxy section */
		DBA7A13B240D68290018D24B /* PBXContainerItemProxy */ = {
			isa = PBXContainerItemProxy;
			containerPortal = DBA7A11C240D681E0018D24B /* Project object */;
			proxyType = 1;
			remoteGlobalIDString = DBA7A123240D681E0018D24B;
			remoteInfo = Colors;
		};
		DBA7A146240D682A0018D24B /* PBXContainerItemProxy */ = {
			isa = PBXContainerItemProxy;
			containerPortal = DBA7A11C240D681E0018D24B /* Project object */;
			proxyType = 1;
			remoteGlobalIDString = DBA7A123240D681E0018D24B;
			remoteInfo = Colors;
		};
/* End PBXContainerItemProxy section */

/* Begin PBXFileReference section */
		DBA7A124240D681E0018D24B /* Colors.app */ = {isa = PBXFileReference; explicitFileType = wrapper.application; includeInIndex = 0; path = Colors.app; sourceTree = BUILT_PRODUCTS_DIR; };
		DBA7A127240D681F0018D24B /* AppDelegate.swift */ = {isa = PBXFileReference; lastKnownFileType = sourcecode.swift; path = AppDelegate.swift; sourceTree = "<group>"; };
		DBA7A129240D681F0018D24B /* SceneDelegate.swift */ = {isa = PBXFileReference; lastKnownFileType = sourcecode.swift; path = SceneDelegate.swift; sourceTree = "<group>"; };
		DBA7A12E240D681F0018D24B /* Base */ = {isa = PBXFileReference; lastKnownFileType = file.storyboard; name = Base; path = Base.lproj/Main.storyboard; sourceTree = "<group>"; };
		DBA7A130240D68280018D24B /* Assets.xcassets */ = {isa = PBXFileReference; lastKnownFileType = folder.assetcatalog; path = Assets.xcassets; sourceTree = "<group>"; };
		DBA7A133240D68280018D24B /* Base */ = {isa = PBXFileReference; lastKnownFileType = file.storyboard; name = Base; path = Base.lproj/LaunchScreen.storyboard; sourceTree = "<group>"; };
		DBA7A135240D68280018D24B /* Info.plist */ = {isa = PBXFileReference; lastKnownFileType = text.plist.xml; path = Info.plist; sourceTree = "<group>"; };
		DBA7A13A240D68290018D24B /* ColorsTests.xctest */ = {isa = PBXFileReference; explicitFileType = wrapper.cfbundle; includeInIndex = 0; path = ColorsTests.xctest; sourceTree = BUILT_PRODUCTS_DIR; };
		DBA7A13E240D68290018D24B /* ColorsTests.swift */ = {isa = PBXFileReference; lastKnownFileType = sourcecode.swift; path = ColorsTests.swift; sourceTree = "<group>"; };
		DBA7A140240D68290018D24B /* Info.plist */ = {isa = PBXFileReference; lastKnownFileType = text.plist.xml; path = Info.plist; sourceTree = "<group>"; };
		DBA7A145240D682A0018D24B /* ColorsUITests.xctest */ = {isa = PBXFileReference; explicitFileType = wrapper.cfbundle; includeInIndex = 0; path = ColorsUITests.xctest; sourceTree = BUILT_PRODUCTS_DIR; };
		DBA7A149240D682A0018D24B /* ColorsUITests.swift */ = {isa = PBXFileReference; lastKnownFileType = sourcecode.swift; path = ColorsUITests.swift; sourceTree = "<group>"; };
		DBA7A14B240D682A0018D24B /* Info.plist */ = {isa = PBXFileReference; lastKnownFileType = text.plist.xml; path = Info.plist; sourceTree = "<group>"; };
		DBA7A157240D69760018D24B /* ColorsViewController.swift */ = {isa = PBXFileReference; lastKnownFileType = sourcecode.swift; path = ColorsViewController.swift; sourceTree = "<group>"; };
/* End PBXFileReference section */

/* Begin PBXFrameworksBuildPhase section */
		DBA7A121240D681E0018D24B /* Frameworks */ = {
			isa = PBXFrameworksBuildPhase;
			buildActionMask = 2147483647;
			files = (
			);
			runOnlyForDeploymentPostprocessing = 0;
		};
		DBA7A137240D68290018D24B /* Frameworks */ = {
			isa = PBXFrameworksBuildPhase;
			buildActionMask = 2147483647;
			files = (
			);
			runOnlyForDeploymentPostprocessing = 0;
		};
		DBA7A142240D682A0018D24B /* Frameworks */ = {
			isa = PBXFrameworksBuildPhase;
			buildActionMask = 2147483647;
			files = (
			);
			runOnlyForDeploymentPostprocessing = 0;
		};
/* End PBXFrameworksBuildPhase section */

/* Begin PBXGroup section */
		DBA7A11B240D681E0018D24B = {
			isa = PBXGroup;
			children = (
				DBA7A126240D681E0018D24B /* Colors */,
				DBA7A13D240D68290018D24B /* ColorsTests */,
				DBA7A148240D682A0018D24B /* ColorsUITests */,
				DBA7A125240D681E0018D24B /* Products */,
			);
			sourceTree = "<group>";
		};
		DBA7A125240D681E0018D24B /* Products */ = {
			isa = PBXGroup;
			children = (
				DBA7A124240D681E0018D24B /* Colors.app */,
				DBA7A13A240D68290018D24B /* ColorsTests.xctest */,
				DBA7A145240D682A0018D24B /* ColorsUITests.xctest */,
			);
			name = Products;
			sourceTree = "<group>";
		};
		DBA7A126240D681E0018D24B /* Colors */ = {
			isa = PBXGroup;
			children = (
				DBA7A127240D681F0018D24B /* AppDelegate.swift */,
				DBA7A157240D69760018D24B /* ColorsViewController.swift */,
				DBA7A129240D681F0018D24B /* SceneDelegate.swift */,
				DBA7A12D240D681F0018D24B /* Main.storyboard */,
				DBA7A130240D68280018D24B /* Assets.xcassets */,
				DBA7A132240D68280018D24B /* LaunchScreen.storyboard */,
				DBA7A135240D68280018D24B /* Info.plist */,
			);
			path = Colors;
			sourceTree = "<group>";
		};
		DBA7A13D240D68290018D24B /* ColorsTests */ = {
			isa = PBXGroup;
			children = (
				DBA7A13E240D68290018D24B /* ColorsTests.swift */,
				DBA7A140240D68290018D24B /* Info.plist */,
			);
			path = ColorsTests;
			sourceTree = "<group>";
		};
		DBA7A148240D682A0018D24B /* ColorsUITests */ = {
			isa = PBXGroup;
			children = (
				DBA7A149240D682A0018D24B /* ColorsUITests.swift */,
				DBA7A14B240D682A0018D24B /* Info.plist */,
			);
			path = ColorsUITests;
			sourceTree = "<group>";
		};
/* End PBXGroup section */

/* Begin PBXNativeTarget section */
		DBA7A123240D681E0018D24B /* Colors */ = {
			isa = PBXNativeTarget;
			buildConfigurationList = DBA7A14E240D682A0018D24B /* Build configuration list for PBXNativeTarget "Colors" */;
			buildPhases = (
				DBA7A120240D681E0018D24B /* Sources */,
				DBA7A121240D681E0018D24B /* Frameworks */,
				DBA7A122240D681E0018D24B /* Resources */,
			);
			buildRules = (
			);
			dependencies = (
			);
			name = Colors;
			productName = Colors;
			productReference = DBA7A124240D681E0018D24B /* Colors.app */;
			productType = "com.apple.product-type.application";
		};
		DBA7A139240D68290018D24B /* ColorsTests */ = {
			isa = PBXNativeTarget;
			buildConfigurationList = DBA7A151240D682A0018D24B /* Build configuration list for PBXNativeTarget "ColorsTests" */;
			buildPhases = (
				DBA7A136240D68290018D24B /* Sources */,
				DBA7A137240D68290018D24B /* Frameworks */,
				DBA7A138240D68290018D24B /* Resources */,
			);
			buildRules = (
			);
			dependencies = (
				DBA7A13C240D68290018D24B /* PBXTargetDependency */,
			);
			name = ColorsTests;
			productName = ColorsTests;
			productReference = DBA7A13A240D68290018D24B /* ColorsTests.xctest */;
			productType = "com.apple.product-type.bundle.unit-test";
		};
		DBA7A144240D682A0018D24B /* ColorsUITests */ = {
			isa = PBXNativeTarget;
			buildConfigurationList = DBA7A154240D682A0018D24B /* Build configuration list for PBXNativeTarget "ColorsUITests" */;
			buildPhases = (
				DBA7A141240D682A0018D24B /* Sources */,
				DBA7A142240D682A0018D24B /* Frameworks */,
				DBA7A143240D682A0018D24B /* Resources */,
			);
			buildRules = (
			);
			dependencies = (
				DBA7A147240D682A0018D24B /* PBXTargetDependency */,
			);
			name = ColorsUITests;
			productName = ColorsUITests;
			productReference = DBA7A145240D682A0018D24B /* ColorsUITests.xctest */;
			productType = "com.apple.product-type.bundle.ui-testing";
		};
/* End PBXNativeTarget section */

/* Begin PBXProject section */
		DBA7A11C240D681E0018D24B /* Project object */ = {
			isa = PBXProject;
			attributes = {
				LastSwiftUpdateCheck = 1130;
				LastUpgradeCheck = 1130;
				ORGANIZATIONNAME = "Austin Hales";
				TargetAttributes = {
					DBA7A123240D681E0018D24B = {
						CreatedOnToolsVersion = 11.3.1;
					};
					DBA7A139240D68290018D24B = {
						CreatedOnToolsVersion = 11.3.1;
						TestTargetID = DBA7A123240D681E0018D24B;
					};
					DBA7A144240D682A0018D24B = {
						CreatedOnToolsVersion = 11.3.1;
						TestTargetID = DBA7A123240D681E0018D24B;
					};
				};
			};
			buildConfigurationList = DBA7A11F240D681E0018D24B /* Build configuration list for PBXProject "Colors" */;
			compatibilityVersion = "Xcode 9.3";
			developmentRegion = en;
			hasScannedForEncodings = 0;
			knownRegions = (
				en,
				Base,
			);
			mainGroup = DBA7A11B240D681E0018D24B;
			productRefGroup = DBA7A125240D681E0018D24B /* Products */;
			projectDirPath = "";
			projectRoot = "";
			targets = (
				DBA7A123240D681E0018D24B /* Colors */,
				DBA7A139240D68290018D24B /* ColorsTests */,
				DBA7A144240D682A0018D24B /* ColorsUITests */,
			);
		};
/* End PBXProject section */

/* Begin PBXResourcesBuildPhase section */
		DBA7A122240D681E0018D24B /* Resources */ = {
			isa = PBXResourcesBuildPhase;
			buildActionMask = 2147483647;
			files = (
				DBA7A134240D68280018D24B /* LaunchScreen.storyboard in Resources */,
				DBA7A131240D68280018D24B /* Assets.xcassets in Resources */,
				DBA7A12F240D681F0018D24B /* Main.storyboard in Resources */,
			);
			runOnlyForDeploymentPostprocessing = 0;
		};
		DBA7A138240D68290018D24B /* Resources */ = {
			isa = PBXResourcesBuildPhase;
			buildActionMask = 2147483647;
			files = (
			);
			runOnlyForDeploymentPostprocessing = 0;
		};
		DBA7A143240D682A0018D24B /* Resources */ = {
			isa = PBXResourcesBuildPhase;
			buildActionMask = 2147483647;
			files = (
			);
			runOnlyForDeploymentPostprocessing = 0;
		};
/* End PBXResourcesBuildPhase section */

/* Begin PBXSourcesBuildPhase section */
		DBA7A120240D681E0018D24B /* Sources */ = {
			isa = PBXSourcesBuildPhase;
			buildActionMask = 2147483647;
			files = (
				DBA7A128240D681F0018D24B /* AppDelegate.swift in Sources */,
				DBA7A158240D69760018D24B /* ColorsViewController.swift in Sources */,
				DBA7A12A240D681F0018D24B /* SceneDelegate.swift in Sources */,
			);
			runOnlyForDeploymentPostprocessing = 0;
		};
		DBA7A136240D68290018D24B /* Sources */ = {
			isa = PBXSourcesBuildPhase;
			buildActionMask = 2147483647;
			files = (
				DBA7A13F240D68290018D24B /* ColorsTests.swift in Sources */,
			);
			runOnlyForDeploymentPostprocessing = 0;
		};
		DBA7A141240D682A0018D24B /* Sources */ = {
			isa = PBXSourcesBuildPhase;
			buildActionMask = 2147483647;
			files = (
				DBA7A14A240D682A0018D24B /* ColorsUITests.swift in Sources */,
			);
			runOnlyForDeploymentPostprocessing = 0;
		};
/* End PBXSourcesBuildPhase section */

/* Begin PBXTargetDependency section */
		DBA7A13C240D68290018D24B /* PBXTargetDependency */ = {
			isa = PBXTargetDependency;
			target = DBA7A123240D681E0018D24B /* Colors */;
			targetProxy = DBA7A13B240D68290018D24B /* PBXContainerItemProxy */;
		};
		DBA7A147240D682A0018D24B /* PBXTargetDependency */ = {
			isa = PBXTargetDependency;
			target = DBA7A123240D681E0018D24B /* Colors */;
			targetProxy = DBA7A146240D682A0018D24B /* PBXContainerItemProxy */;
		};
/* End PBXTargetDependency section */

/* Begin PBXVariantGroup section */
		DBA7A12D240D681F0018D24B /* Main.storyboard */ = {
			isa = PBXVariantGroup;
			children = (
				DBA7A12E240D681F0018D24B /* Base */,
			);
			name = Main.storyboard;
			sourceTree = "<group>";
		};
		DBA7A132240D68280018D24B /* LaunchScreen.storyboard */ = {
			isa = PBXVariantGroup;
			children = (
				DBA7A133240D68280018D24B /* Base */,
			);
			name = LaunchScreen.storyboard;
			sourceTree = "<group>";
		};
/* End PBXVariantGroup section */

/* Begin XCBuildConfiguration section */
		DBA7A14C240D682A0018D24B /* Debug */ = {
			isa = XCBuildConfiguration;
			buildSettings = {
				ALWAYS_SEARCH_USER_PATHS = NO;
				CLANG_ANALYZER_NONNULL = YES;
				CLANG_ANALYZER_NUMBER_OBJECT_CONVERSION = YES_AGGRESSIVE;
				CLANG_CXX_LANGUAGE_STANDARD = "gnu++14";
				CLANG_CXX_LIBRARY = "libc++";
				CLANG_ENABLE_MODULES = YES;
				CLANG_ENABLE_OBJC_ARC = YES;
				CLANG_ENABLE_OBJC_WEAK = YES;
				CLANG_WARN_BLOCK_CAPTURE_AUTORELEASING = YES;
				CLANG_WARN_BOOL_CONVERSION = YES;
				CLANG_WARN_COMMA = YES;
				CLANG_WARN_CONSTANT_CONVERSION = YES;
				CLANG_WARN_DEPRECATED_OBJC_IMPLEMENTATIONS = YES;
				CLANG_WARN_DIRECT_OBJC_ISA_USAGE = YES_ERROR;
				CLANG_WARN_DOCUMENTATION_COMMENTS = YES;
				CLANG_WARN_EMPTY_BODY = YES;
				CLANG_WARN_ENUM_CONVERSION = YES;
				CLANG_WARN_INFINITE_RECURSION = YES;
				CLANG_WARN_INT_CONVERSION = YES;
				CLANG_WARN_NON_LITERAL_NULL_CONVERSION = YES;
				CLANG_WARN_OBJC_IMPLICIT_RETAIN_SELF = YES;
				CLANG_WARN_OBJC_LITERAL_CONVERSION = YES;
				CLANG_WARN_OBJC_ROOT_CLASS = YES_ERROR;
				CLANG_WARN_RANGE_LOOP_ANALYSIS = YES;
				CLANG_WARN_STRICT_PROTOTYPES = YES;
				CLANG_WARN_SUSPICIOUS_MOVE = YES;
				CLANG_WARN_UNGUARDED_AVAILABILITY = YES_AGGRESSIVE;
				CLANG_WARN_UNREACHABLE_CODE = YES;
				CLANG_WARN__DUPLICATE_METHOD_MATCH = YES;
				COPY_PHASE_STRIP = NO;
				DEBUG_INFORMATION_FORMAT = dwarf;
				ENABLE_STRICT_OBJC_MSGSEND = YES;
				ENABLE_TESTABILITY = YES;
				GCC_C_LANGUAGE_STANDARD = gnu11;
				GCC_DYNAMIC_NO_PIC = NO;
				GCC_NO_COMMON_BLOCKS = YES;
				GCC_OPTIMIZATION_LEVEL = 0;
				GCC_PREPROCESSOR_DEFINITIONS = (
					"DEBUG=1",
					"$(inherited)",
				);
				GCC_WARN_64_TO_32_BIT_CONVERSION = YES;
				GCC_WARN_ABOUT_RETURN_TYPE = YES_ERROR;
				GCC_WARN_UNDECLARED_SELECTOR = YES;
				GCC_WARN_UNINITIALIZED_AUTOS = YES_AGGRESSIVE;
				GCC_WARN_UNUSED_FUNCTION = YES;
				GCC_WARN_UNUSED_VARIABLE = YES;
				IPHONEOS_DEPLOYMENT_TARGET = 13.2;
				MTL_ENABLE_DEBUG_INFO = INCLUDE_SOURCE;
				MTL_FAST_MATH = YES;
				ONLY_ACTIVE_ARCH = YES;
				SDKROOT = iphoneos;
				SWIFT_ACTIVE_COMPILATION_CONDITIONS = DEBUG;
				SWIFT_OPTIMIZATION_LEVEL = "-Onone";
			};
			name = Debug;
		};
		DBA7A14D240D682A0018D24B /* Release */ = {
			isa = XCBuildConfiguration;
			buildSettings = {
				ALWAYS_SEARCH_USER_PATHS = NO;
				CLANG_ANALYZER_NONNULL = YES;
				CLANG_ANALYZER_NUMBER_OBJECT_CONVERSION = YES_AGGRESSIVE;
				CLANG_CXX_LANGUAGE_STANDARD = "gnu++14";
				CLANG_CXX_LIBRARY = "libc++";
				CLANG_ENABLE_MODULES = YES;
				CLANG_ENABLE_OBJC_ARC = YES;
				CLANG_ENABLE_OBJC_WEAK = YES;
				CLANG_WARN_BLOCK_CAPTURE_AUTORELEASING = YES;
				CLANG_WARN_BOOL_CONVERSION = YES;
				CLANG_WARN_COMMA = YES;
				CLANG_WARN_CONSTANT_CONVERSION = YES;
				CLANG_WARN_DEPRECATED_OBJC_IMPLEMENTATIONS = YES;
				CLANG_WARN_DIRECT_OBJC_ISA_USAGE = YES_ERROR;
				CLANG_WARN_DOCUMENTATION_COMMENTS = YES;
				CLANG_WARN_EMPTY_BODY = YES;
				CLANG_WARN_ENUM_CONVERSION = YES;
				CLANG_WARN_INFINITE_RECURSION = YES;
				CLANG_WARN_INT_CONVERSION = YES;
				CLANG_WARN_NON_LITERAL_NULL_CONVERSION = YES;
				CLANG_WARN_OBJC_IMPLICIT_RETAIN_SELF = YES;
				CLANG_WARN_OBJC_LITERAL_CONVERSION = YES;
				CLANG_WARN_OBJC_ROOT_CLASS = YES_ERROR;
				CLANG_WARN_RANGE_LOOP_ANALYSIS = YES;
				CLANG_WARN_STRICT_PROTOTYPES = YES;
				CLANG_WARN_SUSPICIOUS_MOVE = YES;
				CLANG_WARN_UNGUARDED_AVAILABILITY = YES_AGGRESSIVE;
				CLANG_WARN_UNREACHABLE_CODE = YES;
				CLANG_WARN__DUPLICATE_METHOD_MATCH = YES;
				COPY_PHASE_STRIP = NO;
				DEBUG_INFORMATION_FORMAT = "dwarf-with-dsym";
				ENABLE_NS_ASSERTIONS = NO;
				ENABLE_STRICT_OBJC_MSGSEND = YES;
				GCC_C_LANGUAGE_STANDARD = gnu11;
				GCC_NO_COMMON_BLOCKS = YES;
				GCC_WARN_64_TO_32_BIT_CONVERSION = YES;
				GCC_WARN_ABOUT_RETURN_TYPE = YES_ERROR;
				GCC_WARN_UNDECLARED_SELECTOR = YES;
				GCC_WARN_UNINITIALIZED_AUTOS = YES_AGGRESSIVE;
				GCC_WARN_UNUSED_FUNCTION = YES;
				GCC_WARN_UNUSED_VARIABLE = YES;
				IPHONEOS_DEPLOYMENT_TARGET = 13.2;
				MTL_ENABLE_DEBUG_INFO = NO;
				MTL_FAST_MATH = YES;
				SDKROOT = iphoneos;
				SWIFT_COMPILATION_MODE = wholemodule;
				SWIFT_OPTIMIZATION_LEVEL = "-O";
				VALIDATE_PRODUCT = YES;
			};
			name = Release;
		};
		DBA7A14F240D682A0018D24B /* Debug */ = {
			isa = XCBuildConfiguration;
			buildSettings = {
				ASSETCATALOG_COMPILER_APPICON_NAME = AppIcon;
				CODE_SIGN_STYLE = Automatic;
				INFOPLIST_FILE = Colors/Info.plist;
				LD_RUNPATH_SEARCH_PATHS = (
					"$(inherited)",
					"@executable_path/Frameworks",
				);
				PRODUCT_BUNDLE_IDENTIFIER = edu.missouri.Colors;
				PRODUCT_NAME = "$(TARGET_NAME)";
				SWIFT_VERSION = 5.0;
				TARGETED_DEVICE_FAMILY = "1,2";
			};
			name = Debug;
		};
		DBA7A150240D682A0018D24B /* Release */ = {
			isa = XCBuildConfiguration;
			buildSettings = {
				ASSETCATALOG_COMPILER_APPICON_NAME = AppIcon;
				CODE_SIGN_STYLE = Automatic;
				INFOPLIST_FILE = Colors/Info.plist;
				LD_RUNPATH_SEARCH_PATHS = (
					"$(inherited)",
					"@executable_path/Frameworks",
				);
				PRODUCT_BUNDLE_IDENTIFIER = edu.missouri.Colors;
				PRODUCT_NAME = "$(TARGET_NAME)";
				SWIFT_VERSION = 5.0;
				TARGETED_DEVICE_FAMILY = "1,2";
			};
			name = Release;
		};
		DBA7A152240D682A0018D24B /* Debug */ = {
			isa = XCBuildConfiguration;
			buildSettings = {
				ALWAYS_EMBED_SWIFT_STANDARD_LIBRARIES = YES;
				BUNDLE_LOADER = "$(TEST_HOST)";
				CODE_SIGN_STYLE = Automatic;
				INFOPLIST_FILE = ColorsTests/Info.plist;
				IPHONEOS_DEPLOYMENT_TARGET = 13.2;
				LD_RUNPATH_SEARCH_PATHS = (
					"$(inherited)",
					"@executable_path/Frameworks",
					"@loader_path/Frameworks",
				);
				PRODUCT_BUNDLE_IDENTIFIER = edu.missouri.ColorsTests;
				PRODUCT_NAME = "$(TARGET_NAME)";
				SWIFT_VERSION = 5.0;
				TARGETED_DEVICE_FAMILY = "1,2";
				TEST_HOST = "$(BUILT_PRODUCTS_DIR)/Colors.app/Colors";
			};
			name = Debug;
		};
		DBA7A153240D682A0018D24B /* Release */ = {
			isa = XCBuildConfiguration;
			buildSettings = {
				ALWAYS_EMBED_SWIFT_STANDARD_LIBRARIES = YES;
				BUNDLE_LOADER = "$(TEST_HOST)";
				CODE_SIGN_STYLE = Automatic;
				INFOPLIST_FILE = ColorsTests/Info.plist;
				IPHONEOS_DEPLOYMENT_TARGET = 13.2;
				LD_RUNPATH_SEARCH_PATHS = (
					"$(inherited)",
					"@executable_path/Frameworks",
					"@loader_path/Frameworks",
				);
				PRODUCT_BUNDLE_IDENTIFIER = edu.missouri.ColorsTests;
				PRODUCT_NAME = "$(TARGET_NAME)";
				SWIFT_VERSION = 5.0;
				TARGETED_DEVICE_FAMILY = "1,2";
				TEST_HOST = "$(BUILT_PRODUCTS_DIR)/Colors.app/Colors";
			};
			name = Release;
		};
		DBA7A155240D682A0018D24B /* Debug */ = {
			isa = XCBuildConfiguration;
			buildSettings = {
				ALWAYS_EMBED_SWIFT_STANDARD_LIBRARIES = YES;
				CODE_SIGN_STYLE = Automatic;
				INFOPLIST_FILE = ColorsUITests/Info.plist;
				LD_RUNPATH_SEARCH_PATHS = (
					"$(inherited)",
					"@executable_path/Frameworks",
					"@loader_path/Frameworks",
				);
				PRODUCT_BUNDLE_IDENTIFIER = edu.missouri.ColorsUITests;
				PRODUCT_NAME = "$(TARGET_NAME)";
				SWIFT_VERSION = 5.0;
				TARGETED_DEVICE_FAMILY = "1,2";
				TEST_TARGET_NAME = Colors;
			};
			name = Debug;
		};
		DBA7A156240D682A0018D24B /* Release */ = {
			isa = XCBuildConfiguration;
			buildSettings = {
				ALWAYS_EMBED_SWIFT_STANDARD_LIBRARIES = YES;
				CODE_SIGN_STYLE = Automatic;
				INFOPLIST_FILE = ColorsUITests/Info.plist;
				LD_RUNPATH_SEARCH_PATHS = (
					"$(inherited)",
					"@executable_path/Frameworks",
					"@loader_path/Frameworks",
				);
				PRODUCT_BUNDLE_IDENTIFIER = edu.missouri.ColorsUITests;
				PRODUCT_NAME = "$(TARGET_NAME)";
				SWIFT_VERSION = 5.0;
				TARGETED_DEVICE_FAMILY = "1,2";
				TEST_TARGET_NAME = Colors;
			};
			name = Release;
		};
/* End XCBuildConfiguration section */

/* Begin XCConfigurationList section */
		DBA7A11F240D681E0018D24B /* Build configuration list for PBXProject "Colors" */ = {
			isa = XCConfigurationList;
			buildConfigurations = (
				DBA7A14C240D682A0018D24B /* Debug */,
				DBA7A14D240D682A0018D24B /* Release */,
			);
			defaultConfigurationIsVisible = 0;
			defaultConfigurationName = Release;
		};
		DBA7A14E240D682A0018D24B /* Build configuration list for PBXNativeTarget "Colors" */ = {
			isa = XCConfigurationList;
			buildConfigurations = (
				DBA7A14F240D682A0018D24B /* Debug */,
				DBA7A150240D682A0018D24B /* Release */,
			);
			defaultConfigurationIsVisible = 0;
			defaultConfigurationName = Release;
		};
		DBA7A151240D682A0018D24B /* Build configuration list for PBXNativeTarget "ColorsTests" */ = {
			isa = XCConfigurationList;
			buildConfigurations = (
				DBA7A152240D682A0018D24B /* Debug */,
				DBA7A153240D682A0018D24B /* Release */,
			);
			defaultConfigurationIsVisible = 0;
			defaultConfigurationName = Release;
		};
		DBA7A154240D682A0018D24B /* Build configuration list for PBXNativeTarget "ColorsUITests" */ = {
			isa = XCConfigurationList;
			buildConfigurations = (
				DBA7A155240D682A0018D24B /* Debug */,
				DBA7A156240D682A0018D24B /* Release */,
			);
			defaultConfigurationIsVisible = 0;
			defaultConfigurationName = Release;
		};
/* End XCConfigurationList section */
	};
	rootObject = DBA7A11C240D681E0018D24B /* Project object */;
}
